
Microsoft Visual Studio Solution File, Format Version 12.00
# Visual Studio Version 17
VisualStudioVersion = 17.2.32616.157
MinimumVisualStudioVersion = 10.0.40219.1
Project("{9A19103F-16F7-4668-BE54-9A1E7A4F7556}") = "FlightReservation", "FlightReservation.csproj", "{CD2AEB30-711E-4D1F-8427-906B35D0A4A2}"
EndProject
Project("{FAE04EC0-301F-11D3-BF4B-00C04F79EFBC}") = "FlightReservation.Tests", "..\FlightReservation.Tests\FlightReservation.Tests.csproj", "{D6D1F971-2E27-44C5-B0EA-BFAB162E3EA7}"
EndProject
Global
	GlobalSection(SolutionConfigurationPlatforms) = preSolution
		Debug|Any CPU = Debug|Any CPU
		Release|Any CPU = Release|Any CPU
	EndGlobalSection
	GlobalSection(ProjectConfigurationPlatforms) = postSolution
		{CD2AEB30-711E-4D1F-8427-906B35D0A4A2}.Debug|Any CPU.ActiveCfg = Debug|Any CPU
		{CD2AEB30-711E-4D1F-8427-906B35D0A4A2}.Debug|Any CPU.Build.0 = Debug|Any CPU
		{CD2AEB30-711E-4D1F-8427-906B35D0A4A2}.Release|Any CPU.ActiveCfg = Release|Any CPU
		{CD2AEB30-711E-4D1F-8427-906B35D0A4A2}.Release|Any CPU.Build.0 = Release|Any CPU
		{D6D1F971-2E27-44C5-B0EA-BFAB162E3EA7}.Debug|Any CPU.ActiveCfg = Debug|Any CPU
		{D6D1F971-2E27-44C5-B0EA-BFAB162E3EA7}.Debug|Any CPU.Build.0 = Debug|Any CPU
		{D6D1F971-2E27-44C5-B0EA-BFAB162E3EA7}.Release|Any CPU.ActiveCfg = Release|Any CPU
		{D6D1F971-2E27-44C5-B0EA-BFAB162E3EA7}.Release|Any CPU.Build.0 = Release|Any CPU
	EndGlobalSection
	GlobalSection(SolutionProperties) = preSolution
		HideSolutionNode = FALSE
	EndGlobalSection
	GlobalSection(ExtensibilityGlobals) = postSolution
		SolutionGuid = {A4543D95-0102-49AB-98D6-9410C4D3D253}
	EndGlobalSection
EndGlobal
